// !$*UTF8*$!
{
	archiveVersion = 1;
	classes = {
	};
	objectVersion = 46;
	objects = {

/* Begin PBXBuildFile section */
		89E637F478BAB02728B2215B /* Pods_Twitterific.framework in Frameworks */ = {isa = PBXBuildFile; fileRef = FF407B802235BA87C934D7A2 /* Pods_Twitterific.framework */; };
		AC16B7931C814D7400591F6A /* TweetDetailsViewController.swift in Sources */ = {isa = PBXBuildFile; fileRef = AC16B7921C814D7400591F6A /* TweetDetailsViewController.swift */; };
		AC16B7981C8200ED00591F6A /* UserProfileViewController.swift in Sources */ = {isa = PBXBuildFile; fileRef = AC16B7971C8200ED00591F6A /* UserProfileViewController.swift */; };
		AC1BCE151C72B89100811C33 /* User.swift in Sources */ = {isa = PBXBuildFile; fileRef = AC1BCE141C72B89100811C33 /* User.swift */; };
		AC1BCE171C72B89A00811C33 /* Tweet.swift in Sources */ = {isa = PBXBuildFile; fileRef = AC1BCE161C72B89A00811C33 /* Tweet.swift */; };
		AC4B384A1C7514920015D9F3 /* TweetsViewController.swift in Sources */ = {isa = PBXBuildFile; fileRef = AC4B38491C7514920015D9F3 /* TweetsViewController.swift */; };
		AC4E9F0F1C719CF30045D590 /* AppDelegate.swift in Sources */ = {isa = PBXBuildFile; fileRef = AC4E9F0E1C719CF30045D590 /* AppDelegate.swift */; };
		AC4E9F111C719CF30045D590 /* LoginViewController.swift in Sources */ = {isa = PBXBuildFile; fileRef = AC4E9F101C719CF30045D590 /* LoginViewController.swift */; };
		AC4E9F141C719CF30045D590 /* Main.storyboard in Resources */ = {isa = PBXBuildFile; fileRef = AC4E9F121C719CF30045D590 /* Main.storyboard */; };
		AC4E9F161C719CF30045D590 /* Assets.xcassets in Resources */ = {isa = PBXBuildFile; fileRef = AC4E9F151C719CF30045D590 /* Assets.xcassets */; };
		AC4E9F191C719CF30045D590 /* LaunchScreen.storyboard in Resources */ = {isa = PBXBuildFile; fileRef = AC4E9F171C719CF30045D590 /* LaunchScreen.storyboard */; };
		AC6899071C7832C90013B512 /* TweetCell.swift in Sources */ = {isa = PBXBuildFile; fileRef = AC6899061C7832C90013B512 /* TweetCell.swift */; };
		ACC8D2621C71A26100E952FA /* TwitterClient.swift in Sources */ = {isa = PBXBuildFile; fileRef = ACC8D2611C71A26100E952FA /* TwitterClient.swift */; };
/* End PBXBuildFile section */

/* Begin PBXFileReference section */
		166C057FFE5EBC1018ED610A /* Pods-Twitterific.release.xcconfig */ = {isa = PBXFileReference; includeInIndex = 1; lastKnownFileType = text.xcconfig; name = "Pods-Twitterific.release.xcconfig"; path = "Pods/Target Support Files/Pods-Twitterific/Pods-Twitterific.release.xcconfig"; sourceTree = "<group>"; };
		2D5FE1A784B51CC10A8FBFB2 /* Pods-Twitterific.debug.xcconfig */ = {isa = PBXFileReference; includeInIndex = 1; lastKnownFileType = text.xcconfig; name = "Pods-Twitterific.debug.xcconfig"; path = "Pods/Target Support Files/Pods-Twitterific/Pods-Twitterific.debug.xcconfig"; sourceTree = "<group>"; };
		AC16B7921C814D7400591F6A /* TweetDetailsViewController.swift */ = {isa = PBXFileReference; fileEncoding = 4; lastKnownFileType = sourcecode.swift; path = TweetDetailsViewController.swift; sourceTree = "<group>"; };
		AC16B7971C8200ED00591F6A /* UserProfileViewController.swift */ = {isa = PBXFileReference; fileEncoding = 4; lastKnownFileType = sourcecode.swift; path = UserProfileViewController.swift; sourceTree = "<group>"; };
		AC1BCE141C72B89100811C33 /* User.swift */ = {isa = PBXFileReference; fileEncoding = 4; lastKnownFileType = sourcecode.swift; path = User.swift; sourceTree = "<group>"; };
		AC1BCE161C72B89A00811C33 /* Tweet.swift */ = {isa = PBXFileReference; fileEncoding = 4; lastKnownFileType = sourcecode.swift; path = Tweet.swift; sourceTree = "<group>"; };
		AC4B38491C7514920015D9F3 /* TweetsViewController.swift */ = {isa = PBXFileReference; fileEncoding = 4; lastKnownFileType = sourcecode.swift; path = TweetsViewController.swift; sourceTree = "<group>"; };
		AC4E9F0B1C719CF20045D590 /* Twitterific.app */ = {isa = PBXFileReference; explicitFileType = wrapper.application; includeInIndex = 0; path = Twitterific.app; sourceTree = BUILT_PRODUCTS_DIR; };
		AC4E9F0E1C719CF30045D590 /* AppDelegate.swift */ = {isa = PBXFileReference; lastKnownFileType = sourcecode.swift; path = AppDelegate.swift; sourceTree = "<group>"; };
		AC4E9F101C719CF30045D590 /* LoginViewController.swift */ = {isa = PBXFileReference; lastKnownFileType = sourcecode.swift; path = LoginViewController.swift; sourceTree = "<group>"; };
		AC4E9F131C719CF30045D590 /* Base */ = {isa = PBXFileReference; lastKnownFileType = file.storyboard; name = Base; path = Base.lproj/Main.storyboard; sourceTree = "<group>"; };
		AC4E9F151C719CF30045D590 /* Assets.xcassets */ = {isa = PBXFileReference; lastKnownFileType = folder.assetcatalog; path = Assets.xcassets; sourceTree = "<group>"; };
		AC4E9F181C719CF30045D590 /* Base */ = {isa = PBXFileReference; lastKnownFileType = file.storyboard; name = Base; path = Base.lproj/LaunchScreen.storyboard; sourceTree = "<group>"; };
		AC4E9F1A1C719CF30045D590 /* Info.plist */ = {isa = PBXFileReference; lastKnownFileType = text.plist.xml; path = Info.plist; sourceTree = "<group>"; };
		AC6899061C7832C90013B512 /* TweetCell.swift */ = {isa = PBXFileReference; fileEncoding = 4; lastKnownFileType = sourcecode.swift; path = TweetCell.swift; sourceTree = "<group>"; };
		ACC8D2611C71A26100E952FA /* TwitterClient.swift */ = {isa = PBXFileReference; fileEncoding = 4; lastKnownFileType = sourcecode.swift; path = TwitterClient.swift; sourceTree = "<group>"; };
		FF407B802235BA87C934D7A2 /* Pods_Twitterific.framework */ = {isa = PBXFileReference; explicitFileType = wrapper.framework; includeInIndex = 0; path = Pods_Twitterific.framework; sourceTree = BUILT_PRODUCTS_DIR; };
/* End PBXFileReference section */

/* Begin PBXFrameworksBuildPhase section */
		AC4E9F081C719CF20045D590 /* Frameworks */ = {
			isa = PBXFrameworksBuildPhase;
			buildActionMask = 2147483647;
			files = (
				89E637F478BAB02728B2215B /* Pods_Twitterific.framework in Frameworks */,
			);
			runOnlyForDeploymentPostprocessing = 0;
		};
/* End PBXFrameworksBuildPhase section */

/* Begin PBXGroup section */
		1216D7AF26FC8B28CCD04FBD /* Frameworks */ = {
			isa = PBXGroup;
			children = (
				FF407B802235BA87C934D7A2 /* Pods_Twitterific.framework */,
			);
			name = Frameworks;
			sourceTree = "<group>";
		};
		79054B88E37FC64CB4A92317 /* Pods */ = {
			isa = PBXGroup;
			children = (
				2D5FE1A784B51CC10A8FBFB2 /* Pods-Twitterific.debug.xcconfig */,
				166C057FFE5EBC1018ED610A /* Pods-Twitterific.release.xcconfig */,
			);
			name = Pods;
			sourceTree = "<group>";
		};
		AC16B7911C814D5200591F6A /* View Controllers */ = {
			isa = PBXGroup;
			children = (
				AC4E9F101C719CF30045D590 /* LoginViewController.swift */,
				AC4B38491C7514920015D9F3 /* TweetsViewController.swift */,
				AC16B7921C814D7400591F6A /* TweetDetailsViewController.swift */,
				AC16B7971C8200ED00591F6A /* UserProfileViewController.swift */,
			);
			name = "View Controllers";
			sourceTree = "<group>";
		};
		AC16B7941C814DF100591F6A /* View */ = {
			isa = PBXGroup;
			children = (
				AC6899061C7832C90013B512 /* TweetCell.swift */,
			);
			name = View;
			sourceTree = "<group>";
		};
		AC1BCE131C72B87400811C33 /* Models */ = {
			isa = PBXGroup;
			children = (
				AC1BCE141C72B89100811C33 /* User.swift */,
				AC1BCE161C72B89A00811C33 /* Tweet.swift */,
			);
			name = Models;
			sourceTree = "<group>";
		};
		AC4E9F021C719CF20045D590 = {
			isa = PBXGroup;
			children = (
				AC4E9F0D1C719CF30045D590 /* Twitterific */,
				AC4E9F0C1C719CF20045D590 /* Products */,
				79054B88E37FC64CB4A92317 /* Pods */,
				1216D7AF26FC8B28CCD04FBD /* Frameworks */,
			);
			sourceTree = "<group>";
		};
		AC4E9F0C1C719CF20045D590 /* Products */ = {
			isa = PBXGroup;
			children = (
				AC4E9F0B1C719CF20045D590 /* Twitterific.app */,
			);
			name = Products;
			sourceTree = "<group>";
		};
		AC4E9F0D1C719CF30045D590 /* Twitterific */ = {
			isa = PBXGroup;
			children = (
				AC16B7941C814DF100591F6A /* View */,
				AC16B7911C814D5200591F6A /* View Controllers */,
				ACC8D2601C71A24900E952FA /* API */,
				AC1BCE131C72B87400811C33 /* Models */,
				AC4E9F0E1C719CF30045D590 /* AppDelegate.swift */,
				AC4E9F121C719CF30045D590 /* Main.storyboard */,
				AC4E9F151C719CF30045D590 /* Assets.xcassets */,
				AC4E9F171C719CF30045D590 /* LaunchScreen.storyboard */,
				AC4E9F1A1C719CF30045D590 /* Info.plist */,
			);
			path = Twitterific;
			sourceTree = "<group>";
		};
		ACC8D2601C71A24900E952FA /* API */ = {
			isa = PBXGroup;
			children = (
				ACC8D2611C71A26100E952FA /* TwitterClient.swift */,
			);
			name = API;
			sourceTree = "<group>";
		};
/* End PBXGroup section */

/* Begin PBXNativeTarget section */
		AC4E9F0A1C719CF20045D590 /* Twitterific */ = {
			isa = PBXNativeTarget;
			buildConfigurationList = AC4E9F1D1C719CF30045D590 /* Build configuration list for PBXNativeTarget "Twitterific" */;
			buildPhases = (
				242262DDB0624EBB87EFB5CE /* Check Pods Manifest.lock */,
				AC4E9F071C719CF20045D590 /* Sources */,
				AC4E9F081C719CF20045D590 /* Frameworks */,
				AC4E9F091C719CF20045D590 /* Resources */,
				CC0B6C672A375E9B406534F1 /* Embed Pods Frameworks */,
				B06065E0EA5F7C84E8EEC10B /* Copy Pods Resources */,
			);
			buildRules = (
			);
			dependencies = (
			);
			name = Twitterific;
			productName = Twitterific;
			productReference = AC4E9F0B1C719CF20045D590 /* Twitterific.app */;
			productType = "com.apple.product-type.application";
		};
/* End PBXNativeTarget section */

/* Begin PBXProject section */
		AC4E9F031C719CF20045D590 /* Project object */ = {
			isa = PBXProject;
			attributes = {
				LastSwiftUpdateCheck = 0730;
				LastUpgradeCheck = 0730;
				ORGANIZATIONNAME = "Aditya Purandare";
				TargetAttributes = {
					AC4E9F0A1C719CF20045D590 = {
						CreatedOnToolsVersion = 7.3;
						DevelopmentTeam = AJ57J6JZHD;
					};
				};
			};
			buildConfigurationList = AC4E9F061C719CF20045D590 /* Build configuration list for PBXProject "Twitterific" */;
			compatibilityVersion = "Xcode 3.2";
			developmentRegion = English;
			hasScannedForEncodings = 0;
			knownRegions = (
				en,
				Base,
			);
			mainGroup = AC4E9F021C719CF20045D590;
			productRefGroup = AC4E9F0C1C719CF20045D590 /* Products */;
			projectDirPath = "";
			projectRoot = "";
			targets = (
				AC4E9F0A1C719CF20045D590 /* Twitterific */,
			);
		};
/* End PBXProject section */

/* Begin PBXResourcesBuildPhase section */
		AC4E9F091C719CF20045D590 /* Resources */ = {
			isa = PBXResourcesBuildPhase;
			buildActionMask = 2147483647;
			files = (
				AC4E9F191C719CF30045D590 /* LaunchScreen.storyboard in Resources */,
				AC4E9F161C719CF30045D590 /* Assets.xcassets in Resources */,
				AC4E9F141C719CF30045D590 /* Main.storyboard in Resources */,
			);
			runOnlyForDeploymentPostprocessing = 0;
		};
/* End PBXResourcesBuildPhase section */

/* Begin PBXShellScriptBuildPhase section */
		242262DDB0624EBB87EFB5CE /* Check Pods Manifest.lock */ = {
			isa = PBXShellScriptBuildPhase;
			buildActionMask = 2147483647;
			files = (
			);
			inputPaths = (
			);
			name = "Check Pods Manifest.lock";
			outputPaths = (
			);
			runOnlyForDeploymentPostprocessing = 0;
			shellPath = /bin/sh;
			shellScript = "diff \"${PODS_ROOT}/../Podfile.lock\" \"${PODS_ROOT}/Manifest.lock\" > /dev/null\nif [[ $? != 0 ]] ; then\n    cat << EOM\nerror: The sandbox is not in sync with the Podfile.lock. Run 'pod install' or update your CocoaPods installation.\nEOM\n    exit 1\nfi\n";
			showEnvVarsInLog = 0;
		};
		B06065E0EA5F7C84E8EEC10B /* Copy Pods Resources */ = {
			isa = PBXShellScriptBuildPhase;
			buildActionMask = 2147483647;
			files = (
			);
			inputPaths = (
			);
			name = "Copy Pods Resources";
			outputPaths = (
			);
			runOnlyForDeploymentPostprocessing = 0;
			shellPath = /bin/sh;
			shellScript = "\"${SRCROOT}/Pods/Target Support Files/Pods-Twitterific/Pods-Twitterific-resources.sh\"\n";
			showEnvVarsInLog = 0;
		};
		CC0B6C672A375E9B406534F1 /* Embed Pods Frameworks */ = {
			isa = PBXShellScriptBuildPhase;
			buildActionMask = 2147483647;
			files = (
			);
			inputPaths = (
			);
			name = "Embed Pods Frameworks";
			outputPaths = (
			);
			runOnlyForDeploymentPostprocessing = 0;
			shellPath = /bin/sh;
			shellScript = "\"${SRCROOT}/Pods/Target Support Files/Pods-Twitterific/Pods-Twitterific-frameworks.sh\"\n";
			showEnvVarsInLog = 0;
		};
/* End PBXShellScriptBuildPhase section */

/* Begin PBXSourcesBuildPhase section */
		AC4E9F071C719CF20045D590 /* Sources */ = {
			isa = PBXSourcesBuildPhase;
			buildActionMask = 2147483647;
			files = (
				AC1BCE151C72B89100811C33 /* User.swift in Sources */,
				AC6899071C7832C90013B512 /* TweetCell.swift in Sources */,
				AC16B7931C814D7400591F6A /* TweetDetailsViewController.swift in Sources */,
				AC1BCE171C72B89A00811C33 /* Tweet.swift in Sources */,
				AC4B384A1C7514920015D9F3 /* TweetsViewController.swift in Sources */,
				AC4E9F111C719CF30045D590 /* LoginViewController.swift in Sources */,
				ACC8D2621C71A26100E952FA /* TwitterClient.swift in Sources */,
				AC16B7981C8200ED00591F6A /* UserProfileViewController.swift in Sources */,
				AC4E9F0F1C719CF30045D590 /* AppDelegate.swift in Sources */,
			);
			runOnlyForDeploymentPostprocessing = 0;
		};
/* End PBXSourcesBuildPhase section */

/* Begin PBXVariantGroup section */
		AC4E9F121C719CF30045D590 /* Main.storyboard */ = {
			isa = PBXVariantGroup;
			children = (
				AC4E9F131C719CF30045D590 /* Base */,
			);
			name = Main.storyboard;
			sourceTree = "<group>";
		};
		AC4E9F171C719CF30045D590 /* LaunchScreen.storyboard */ = {
			isa = PBXVariantGroup;
			children = (
				AC4E9F181C719CF30045D590 /* Base */,
			);
			name = LaunchScreen.storyboard;
			sourceTree = "<group>";
		};
/* End PBXVariantGroup section */

/* Begin XCBuildConfiguration section */
		AC4E9F1B1C719CF30045D590 /* Debug */ = {
			isa = XCBuildConfiguration;
			buildSettings = {
				ALWAYS_SEARCH_USER_PATHS = NO;
				CLANG_CXX_LANGUAGE_STANDARD = "gnu++0x";
				CLANG_CXX_LIBRARY = "libc++";
				CLANG_ENABLE_MODULES = YES;
				CLANG_ENABLE_OBJC_ARC = YES;
				CLANG_WARN_BOOL_CONVERSION = YES;
				CLANG_WARN_CONSTANT_CONVERSION = YES;
				CLANG_WARN_DIRECT_OBJC_ISA_USAGE = YES_ERROR;
				CLANG_WARN_EMPTY_BODY = YES;
				CLANG_WARN_ENUM_CONVERSION = YES;
				CLANG_WARN_INT_CONVERSION = YES;
				CLANG_WARN_OBJC_ROOT_CLASS = YES_ERROR;
				CLANG_WARN_UNREACHABLE_CODE = YES;
				CLANG_WARN__DUPLICATE_METHOD_MATCH = YES;
				"CODE_SIGN_IDENTITY[sdk=iphoneos*]" = "iPhone Developer";
				COPY_PHASE_STRIP = NO;
				DEBUG_INFORMATION_FORMAT = dwarf;
				ENABLE_STRICT_OBJC_MSGSEND = YES;
				ENABLE_TESTABILITY = YES;
				GCC_C_LANGUAGE_STANDARD = gnu99;
				GCC_DYNAMIC_NO_PIC = NO;
				GCC_NO_COMMON_BLOCKS = YES;
				GCC_OPTIMIZATION_LEVEL = 0;
				GCC_PREPROCESSOR_DEFINITIONS = (
					"DEBUG=1",
					"$(inherited)",
				);
				GCC_WARN_64_TO_32_BIT_CONVERSION = YES;
				GCC_WARN_ABOUT_RETURN_TYPE = YES_ERROR;
				GCC_WARN_UNDECLARED_SELECTOR = YES;
				GCC_WARN_UNINITIALIZED_AUTOS = YES_AGGRESSIVE;
				GCC_WARN_UNUSED_FUNCTION = YES;
				GCC_WARN_UNUSED_VARIABLE = YES;
				IPHONEOS_DEPLOYMENT_TARGET = 9.3;
				MTL_ENABLE_DEBUG_INFO = YES;
				ONLY_ACTIVE_ARCH = YES;
				SDKROOT = iphoneos;
				SWIFT_OPTIMIZATION_LEVEL = "-Onone";
				TARGETED_DEVICE_FAMILY = "1,2";
			};
			name = Debug;
		};
		AC4E9F1C1C719CF30045D590 /* Release */ = {
			isa = XCBuildConfiguration;
			buildSettings = {
				ALWAYS_SEARCH_USER_PATHS = NO;
				CLANG_CXX_LANGUAGE_STANDARD = "gnu++0x";
				CLANG_CXX_LIBRARY = "libc++";
				CLANG_ENABLE_MODULES = YES;
				CLANG_ENABLE_OBJC_ARC = YES;
				CLANG_WARN_BOOL_CONVERSION = YES;
				CLANG_WARN_CONSTANT_CONVERSION = YES;
				CLANG_WARN_DIRECT_OBJC_ISA_USAGE = YES_ERROR;
				CLANG_WARN_EMPTY_BODY = YES;
				CLANG_WARN_ENUM_CONVERSION = YES;
				CLANG_WARN_INT_CONVERSION = YES;
				CLANG_WARN_OBJC_ROOT_CLASS = YES_ERROR;
				CLANG_WARN_UNREACHABLE_CODE = YES;
				CLANG_WARN__DUPLICATE_METHOD_MATCH = YES;
				"CODE_SIGN_IDENTITY[sdk=iphoneos*]" = "iPhone Developer";
				COPY_PHASE_STRIP = NO;
				DEBUG_INFORMATION_FORMAT = "dwarf-with-dsym";
				ENABLE_NS_ASSERTIONS = NO;
				ENABLE_STRICT_OBJC_MSGSEND = YES;
				GCC_C_LANGUAGE_STANDARD = gnu99;
				GCC_NO_COMMON_BLOCKS = YES;
				GCC_WARN_64_TO_32_BIT_CONVERSION = YES;
				GCC_WARN_ABOUT_RETURN_TYPE = YES_ERROR;
				GCC_WARN_UNDECLARED_SELECTOR = YES;
				GCC_WARN_UNINITIALIZED_AUTOS = YES_AGGRESSIVE;
				GCC_WARN_UNUSED_FUNCTION = YES;
				GCC_WARN_UNUSED_VARIABLE = YES;
				IPHONEOS_DEPLOYMENT_TARGET = 9.3;
				MTL_ENABLE_DEBUG_INFO = NO;
				SDKROOT = iphoneos;
				TARGETED_DEVICE_FAMILY = "1,2";
				VALIDATE_PRODUCT = YES;
			};
			name = Release;
		};
		AC4E9F1E1C719CF30045D590 /* Debug */ = {
			isa = XCBuildConfiguration;
			baseConfigurationReference = 2D5FE1A784B51CC10A8FBFB2 /* Pods-Twitterific.debug.xcconfig */;
			buildSettings = {
				ASSETCATALOG_COMPILER_APPICON_NAME = AppIcon;
				ASSETCATALOG_COMPILER_LAUNCHIMAGE_NAME = LaunchImage;
				INFOPLIST_FILE = Twitterific/Info.plist;
				LD_RUNPATH_SEARCH_PATHS = "$(inherited) @executable_path/Frameworks";
				PRODUCT_BUNDLE_IDENTIFIER = edu.tamu.isys.Twitterific;
				PRODUCT_NAME = "$(TARGET_NAME)";
			};
			name = Debug;
		};
		AC4E9F1F1C719CF30045D590 /* Release */ = {
			isa = XCBuildConfiguration;
			baseConfigurationReference = 166C057FFE5EBC1018ED610A /* Pods-Twitterific.release.xcconfig */;
			buildSettings = {
				ASSETCATALOG_COMPILER_APPICON_NAME = AppIcon;
				ASSETCATALOG_COMPILER_LAUNCHIMAGE_NAME = LaunchImage;
				INFOPLIST_FILE = Twitterific/Info.plist;
				LD_RUNPATH_SEARCH_PATHS = "$(inherited) @executable_path/Frameworks";
				PRODUCT_BUNDLE_IDENTIFIER = edu.tamu.isys.Twitterific;
				PRODUCT_NAME = "$(TARGET_NAME)";
			};
			name = Release;
		};
/* End XCBuildConfiguration section */

/* Begin XCConfigurationList section */
		AC4E9F061C719CF20045D590 /* Build configuration list for PBXProject "Twitterific" */ = {
			isa = XCConfigurationList;
			buildConfigurations = (
				AC4E9F1B1C719CF30045D590 /* Debug */,
				AC4E9F1C1C719CF30045D590 /* Release */,
			);
			defaultConfigurationIsVisible = 0;
			defaultConfigurationName = Release;
		};
		AC4E9F1D1C719CF30045D590 /* Build configuration list for PBXNativeTarget "Twitterific" */ = {
			isa = XCConfigurationList;
			buildConfigurations = (
				AC4E9F1E1C719CF30045D590 /* Debug */,
				AC4E9F1F1C719CF30045D590 /* Release */,
			);
			defaultConfigurationIsVisible = 0;
			defaultConfigurationName = Release;
		};
/* End XCConfigurationList section */
	};
	rootObject = AC4E9F031C719CF20045D590 /* Project object */;
}
